// !$*UTF8*$!
{
	archiveVersion = 1;
	classes = {
	};
	objectVersion = 46;
	objects = {

/* Begin PBXBuildFile section */
		381F2CF51B1F6AB600CD4771 /* main.m in Sources */ = {isa = PBXBuildFile; fileRef = 381F2CF41B1F6AB600CD4771 /* main.m */; };
		381F2CF81B1F6AB600CD4771 /* AppDelegate.m in Sources */ = {isa = PBXBuildFile; fileRef = 381F2CF71B1F6AB600CD4771 /* AppDelegate.m */; };
		381F2CFE1B1F6AB600CD4771 /* Main.storyboard in Resources */ = {isa = PBXBuildFile; fileRef = 381F2CFC1B1F6AB600CD4771 /* Main.storyboard */; };
		381F2D001B1F6AB700CD4771 /* Images.xcassets in Resources */ = {isa = PBXBuildFile; fileRef = 381F2CFF1B1F6AB700CD4771 /* Images.xcassets */; };
		381F2D031B1F6AB700CD4771 /* LaunchScreen.xib in Resources */ = {isa = PBXBuildFile; fileRef = 381F2D011B1F6AB700CD4771 /* LaunchScreen.xib */; };
		381F2D0F1B1F6AB700CD4771 /* AutoLayoutProblemTests.m in Sources */ = {isa = PBXBuildFile; fileRef = 381F2D0E1B1F6AB700CD4771 /* AutoLayoutProblemTests.m */; };
		381F2D1A1B1F6B3E00CD4771 /* TableViewController.m in Sources */ = {isa = PBXBuildFile; fileRef = 381F2D191B1F6B3E00CD4771 /* TableViewController.m */; };
/* End PBXBuildFile section */

/* Begin PBXContainerItemProxy section */
		381F2D091B1F6AB700CD4771 /* PBXContainerItemProxy */ = {
			isa = PBXContainerItemProxy;
			containerPortal = 381F2CE71B1F6AB600CD4771 /* Project object */;
			proxyType = 1;
			remoteGlobalIDString = 381F2CEE1B1F6AB600CD4771;
			remoteInfo = AutoLayoutProblem;
		};
/* End PBXContainerItemProxy section */

/* Begin PBXFileReference section */
		381F2CEF1B1F6AB600CD4771 /* AutoLayoutProblem.app */ = {isa = PBXFileReference; explicitFileType = wrapper.application; includeInIndex = 0; path = AutoLayoutProblem.app; sourceTree = BUILT_PRODUCTS_DIR; };
		381F2CF31B1F6AB600CD4771 /* Info.plist */ = {isa = PBXFileReference; lastKnownFileType = text.plist.xml; path = Info.plist; sourceTree = "<group>"; };
		381F2CF41B1F6AB600CD4771 /* main.m */ = {isa = PBXFileReference; lastKnownFileType = sourcecode.c.objc; path = main.m; sourceTree = "<group>"; };
		381F2CF61B1F6AB600CD4771 /* AppDelegate.h */ = {isa = PBXFileReference; lastKnownFileType = sourcecode.c.h; path = AppDelegate.h; sourceTree = "<group>"; };
		381F2CF71B1F6AB600CD4771 /* AppDelegate.m */ = {isa = PBXFileReference; lastKnownFileType = sourcecode.c.objc; path = AppDelegate.m; sourceTree = "<group>"; };
		381F2CFD1B1F6AB600CD4771 /* Base */ = {isa = PBXFileReference; lastKnownFileType = file.storyboard; name = Base; path = Base.lproj/Main.storyboard; sourceTree = "<group>"; };
		381F2CFF1B1F6AB700CD4771 /* Images.xcassets */ = {isa = PBXFileReference; lastKnownFileType = folder.assetcatalog; path = Images.xcassets; sourceTree = "<group>"; };
		381F2D021B1F6AB700CD4771 /* Base */ = {isa = PBXFileReference; lastKnownFileType = file.xib; name = Base; path = Base.lproj/LaunchScreen.xib; sourceTree = "<group>"; };
		381F2D081B1F6AB700CD4771 /* AutoLayoutProblemTests.xctest */ = {isa = PBXFileReference; explicitFileType = wrapper.cfbundle; includeInIndex = 0; path = AutoLayoutProblemTests.xctest; sourceTree = BUILT_PRODUCTS_DIR; };
		381F2D0D1B1F6AB700CD4771 /* Info.plist */ = {isa = PBXFileReference; lastKnownFileType = text.plist.xml; path = Info.plist; sourceTree = "<group>"; };
		381F2D0E1B1F6AB700CD4771 /* AutoLayoutProblemTests.m */ = {isa = PBXFileReference; lastKnownFileType = sourcecode.c.objc; path = AutoLayoutProblemTests.m; sourceTree = "<group>"; };
		381F2D181B1F6B3E00CD4771 /* TableViewController.h */ = {isa = PBXFileReference; fileEncoding = 4; lastKnownFileType = sourcecode.c.h; path = TableViewController.h; sourceTree = "<group>"; };
		381F2D191B1F6B3E00CD4771 /* TableViewController.m */ = {isa = PBXFileReference; fileEncoding = 4; lastKnownFileType = sourcecode.c.objc; path = TableViewController.m; sourceTree = "<group>"; };
/* End PBXFileReference section */

/* Begin PBXFrameworksBuildPhase section */
		381F2CEC1B1F6AB600CD4771 /* Frameworks */ = {
			isa = PBXFrameworksBuildPhase;
			buildActionMask = 2147483647;
			files = (
			);
			runOnlyForDeploymentPostprocessing = 0;
		};
		381F2D051B1F6AB700CD4771 /* Frameworks */ = {
			isa = PBXFrameworksBuildPhase;
			buildActionMask = 2147483647;
			files = (
			);
			runOnlyForDeploymentPostprocessing = 0;
		};
/* End PBXFrameworksBuildPhase section */

/* Begin PBXGroup section */
		381F2CE61B1F6AB600CD4771 = {
			isa = PBXGroup;
			children = (
				381F2CF11B1F6AB600CD4771 /* AutoLayoutProblem */,
				381F2D0B1B1F6AB700CD4771 /* AutoLayoutProblemTests */,
				381F2CF01B1F6AB600CD4771 /* Products */,
			);
			sourceTree = "<group>";
		};
		381F2CF01B1F6AB600CD4771 /* Products */ = {
			isa = PBXGroup;
			children = (
				381F2CEF1B1F6AB600CD4771 /* AutoLayoutProblem.app */,
				381F2D081B1F6AB700CD4771 /* AutoLayoutProblemTests.xctest */,
			);
			name = Products;
			sourceTree = "<group>";
		};
		381F2CF11B1F6AB600CD4771 /* AutoLayoutProblem */ = {
			isa = PBXGroup;
			children = (
				381F2CF61B1F6AB600CD4771 /* AppDelegate.h */,
				381F2CF71B1F6AB600CD4771 /* AppDelegate.m */,
				381F2CFC1B1F6AB600CD4771 /* Main.storyboard */,
				381F2CFF1B1F6AB700CD4771 /* Images.xcassets */,
				381F2D011B1F6AB700CD4771 /* LaunchScreen.xib */,
				381F2CF21B1F6AB600CD4771 /* Supporting Files */,
				381F2D181B1F6B3E00CD4771 /* TableViewController.h */,
				381F2D191B1F6B3E00CD4771 /* TableViewController.m */,
			);
			path = AutoLayoutProblem;
			sourceTree = "<group>";
		};
		381F2CF21B1F6AB600CD4771 /* Supporting Files */ = {
			isa = PBXGroup;
			children = (
				381F2CF31B1F6AB600CD4771 /* Info.plist */,
				381F2CF41B1F6AB600CD4771 /* main.m */,
			);
			name = "Supporting Files";
			sourceTree = "<group>";
		};
		381F2D0B1B1F6AB700CD4771 /* AutoLayoutProblemTests */ = {
			isa = PBXGroup;
			children = (
				381F2D0E1B1F6AB700CD4771 /* AutoLayoutProblemTests.m */,
				381F2D0C1B1F6AB700CD4771 /* Supporting Files */,
			);
			path = AutoLayoutProblemTests;
			sourceTree = "<group>";
		};
		381F2D0C1B1F6AB700CD4771 /* Supporting Files */ = {
			isa = PBXGroup;
			children = (
				381F2D0D1B1F6AB700CD4771 /* Info.plist */,
			);
			name = "Supporting Files";
			sourceTree = "<group>";
		};
/* End PBXGroup section */

/* Begin PBXNativeTarget section */
		381F2CEE1B1F6AB600CD4771 /* AutoLayoutProblem */ = {
			isa = PBXNativeTarget;
			buildConfigurationList = 381F2D121B1F6AB700CD4771 /* Build configuration list for PBXNativeTarget "AutoLayoutProblem" */;
			buildPhases = (
				381F2CEB1B1F6AB600CD4771 /* Sources */,
				381F2CEC1B1F6AB600CD4771 /* Frameworks */,
				381F2CED1B1F6AB600CD4771 /* Resources */,
			);
			buildRules = (
			);
			dependencies = (
			);
			name = AutoLayoutProblem;
			productName = AutoLayoutProblem;
			productReference = 381F2CEF1B1F6AB600CD4771 /* AutoLayoutProblem.app */;
			productType = "com.apple.product-type.application";
		};
		381F2D071B1F6AB700CD4771 /* AutoLayoutProblemTests */ = {
			isa = PBXNativeTarget;
			buildConfigurationList = 381F2D151B1F6AB700CD4771 /* Build configuration list for PBXNativeTarget "AutoLayoutProblemTests" */;
			buildPhases = (
				381F2D041B1F6AB700CD4771 /* Sources */,
				381F2D051B1F6AB700CD4771 /* Frameworks */,
				381F2D061B1F6AB700CD4771 /* Resources */,
			);
			buildRules = (
			);
			dependencies = (
				381F2D0A1B1F6AB700CD4771 /* PBXTargetDependency */,
			);
			name = AutoLayoutProblemTests;
			productName = AutoLayoutProblemTests;
			productReference = 381F2D081B1F6AB700CD4771 /* AutoLayoutProblemTests.xctest */;
			productType = "com.apple.product-type.bundle.unit-test";
		};
/* End PBXNativeTarget section */

/* Begin PBXProject section */
		381F2CE71B1F6AB600CD4771 /* Project object */ = {
			isa = PBXProject;
			attributes = {
				LastUpgradeCheck = 0630;
				ORGANIZATIONNAME = "Countermind Ventures, LLC";
				TargetAttributes = {
					381F2CEE1B1F6AB600CD4771 = {
						CreatedOnToolsVersion = 6.3.2;
					};
					381F2D071B1F6AB700CD4771 = {
						CreatedOnToolsVersion = 6.3.2;
						TestTargetID = 381F2CEE1B1F6AB600CD4771;
					};
				};
			};
			buildConfigurationList = 381F2CEA1B1F6AB600CD4771 /* Build configuration list for PBXProject "AutoLayoutProblem" */;
			compatibilityVersion = "Xcode 3.2";
			developmentRegion = English;
			hasScannedForEncodings = 0;
			knownRegions = (
				en,
				Base,
			);
			mainGroup = 381F2CE61B1F6AB600CD4771;
			productRefGroup = 381F2CF01B1F6AB600CD4771 /* Products */;
			projectDirPath = "";
			projectRoot = "";
			targets = (
				381F2CEE1B1F6AB600CD4771 /* AutoLayoutProblem */,
				381F2D071B1F6AB700CD4771 /* AutoLayoutProblemTests */,
			);
		};
/* End PBXProject section */

/* Begin PBXResourcesBuildPhase section */
		381F2CED1B1F6AB600CD4771 /* Resources */ = {
			isa = PBXResourcesBuildPhase;
			buildActionMask = 2147483647;
			files = (
				381F2CFE1B1F6AB600CD4771 /* Main.storyboard in Resources */,
				381F2D031B1F6AB700CD4771 /* LaunchScreen.xib in Resources */,
				381F2D001B1F6AB700CD4771 /* Images.xcassets in Resources */,
			);
			runOnlyForDeploymentPostprocessing = 0;
		};
		381F2D061B1F6AB700CD4771 /* Resources */ = {
			isa = PBXResourcesBuildPhase;
			buildActionMask = 2147483647;
			files = (
			);
			runOnlyForDeploymentPostprocessing = 0;
		};
/* End PBXResourcesBuildPhase section */

/* Begin PBXSourcesBuildPhase section */
		381F2CEB1B1F6AB600CD4771 /* Sources */ = {
			isa = PBXSourcesBuildPhase;
			buildActionMask = 2147483647;
			files = (
				381F2CF81B1F6AB600CD4771 /* AppDelegate.m in Sources */,
				381F2D1A1B1F6B3E00CD4771 /* TableViewController.m in Sources */,
				381F2CF51B1F6AB600CD4771 /* main.m in Sources */,
			);
			runOnlyForDeploymentPostprocessing = 0;
		};
		381F2D041B1F6AB700CD4771 /* Sources */ = {
			isa = PBXSourcesBuildPhase;
			buildActionMask = 2147483647;
			files = (
				381F2D0F1B1F6AB700CD4771 /* AutoLayoutProblemTests.m in Sources */,
			);
			runOnlyForDeploymentPostprocessing = 0;
		};
/* End PBXSourcesBuildPhase section */

/* Begin PBXTargetDependency section */
		381F2D0A1B1F6AB700CD4771 /* PBXTargetDependency */ = {
			isa = PBXTargetDependency;
			target = 381F2CEE1B1F6AB600CD4771 /* AutoLayoutProblem */;
			targetProxy = 381F2D091B1F6AB700CD4771 /* PBXContainerItemProxy */;
		};
/* End PBXTargetDependency section */

/* Begin PBXVariantGroup section */
		381F2CFC1B1F6AB600CD4771 /* Main.storyboard */ = {
			isa = PBXVariantGroup;
			children = (
				381F2CFD1B1F6AB600CD4771 /* Base */,
			);
			name = Main.storyboard;
			sourceTree = "<group>";
		};
		381F2D011B1F6AB700CD4771 /* LaunchScreen.xib */ = {
			isa = PBXVariantGroup;
			children = (
				381F2D021B1F6AB700CD4771 /* Base */,
			);
			name = LaunchScreen.xib;
			sourceTree = "<group>";
		};
/* End PBXVariantGroup section */

/* Begin XCBuildConfiguration section */
		381F2D101B1F6AB700CD4771 /* Debug */ = {
			isa = XCBuildConfiguration;
			buildSettings = {
				ALWAYS_SEARCH_USER_PATHS = NO;
				CLANG_CXX_LANGUAGE_STANDARD = "gnu++0x";
				CLANG_CXX_LIBRARY = "libc++";
				CLANG_ENABLE_MODULES = YES;
				CLANG_ENABLE_OBJC_ARC = YES;
				CLANG_WARN_BOOL_CONVERSION = YES;
				CLANG_WARN_CONSTANT_CONVERSION = YES;
				CLANG_WARN_DIRECT_OBJC_ISA_USAGE = YES_ERROR;
				CLANG_WARN_EMPTY_BODY = YES;
				CLANG_WARN_ENUM_CONVERSION = YES;
				CLANG_WARN_INT_CONVERSION = YES;
				CLANG_WARN_OBJC_ROOT_CLASS = YES_ERROR;
				CLANG_WARN_UNREACHABLE_CODE = YES;
				CLANG_WARN__DUPLICATE_METHOD_MATCH = YES;
				"CODE_SIGN_IDENTITY[sdk=iphoneos*]" = "iPhone Developer";
				COPY_PHASE_STRIP = NO;
				DEBUG_INFORMATION_FORMAT = "dwarf-with-dsym";
				ENABLE_STRICT_OBJC_MSGSEND = YES;
				GCC_C_LANGUAGE_STANDARD = gnu99;
				GCC_DYNAMIC_NO_PIC = NO;
				GCC_NO_COMMON_BLOCKS = YES;
				GCC_OPTIMIZATION_LEVEL = 0;
				GCC_PREPROCESSOR_DEFINITIONS = (
					"DEBUG=1",
					"$(inherited)",
				);
				GCC_SYMBOLS_PRIVATE_EXTERN = NO;
				GCC_WARN_64_TO_32_BIT_CONVERSION = YES;
				GCC_WARN_ABOUT_RETURN_TYPE = YES_ERROR;
				GCC_WARN_UNDECLARED_SELECTOR = YES;
				GCC_WARN_UNINITIALIZED_AUTOS = YES_AGGRESSIVE;
				GCC_WARN_UNUSED_FUNCTION = YES;
				GCC_WARN_UNUSED_VARIABLE = YES;
				IPHONEOS_DEPLOYMENT_TARGET = 8.3;
				MTL_ENABLE_DEBUG_INFO = YES;
				ONLY_ACTIVE_ARCH = YES;
				SDKROOT = iphoneos;
				TARGETED_DEVICE_FAMILY = "1,2";
			};
			name = Debug;
		};
		381F2D111B1F6AB700CD4771 /* Release */ = {
			isa = XCBuildConfiguration;
			buildSettings = {
				ALWAYS_SEARCH_USER_PATHS = NO;
				CLANG_CXX_LANGUAGE_STANDARD = "gnu++0x";
				CLANG_CXX_LIBRARY = "libc++";
				CLANG_ENABLE_MODULES = YES;
				CLANG_ENABLE_OBJC_ARC = YES;
				CLANG_WARN_BOOL_CONVERSION = YES;
				CLANG_WARN_CONSTANT_CONVERSION = YES;
				CLANG_WARN_DIRECT_OBJC_ISA_USAGE = YES_ERROR;
				CLANG_WARN_EMPTY_BODY = YES;
				CLANG_WARN_ENUM_CONVERSION = YES;
				CLANG_WARN_INT_CONVERSION = YES;
				CLANG_WARN_OBJC_ROOT_CLASS = YES_ERROR;
				CLANG_WARN_UNREACHABLE_CODE = YES;
				CLANG_WARN__DUPLICATE_METHOD_MATCH = YES;
				"CODE_SIGN_IDENTITY[sdk=iphoneos*]" = "iPhone Developer";
				COPY_PHASE_STRIP = NO;
				DEBUG_INFORMATION_FORMAT = "dwarf-with-dsym";
				ENABLE_NS_ASSERTIONS = NO;
				ENABLE_STRICT_OBJC_MSGSEND = YES;
				GCC_C_LANGUAGE_STANDARD = gnu99;
				GCC_NO_COMMON_BLOCKS = YES;
				GCC_WARN_64_TO_32_BIT_CONVERSION = YES;
				GCC_WARN_ABOUT_RETURN_TYPE = YES_ERROR;
				GCC_WARN_UNDECLARED_SELECTOR = YES;
				GCC_WARN_UNINITIALIZED_AUTOS = YES_AGGRESSIVE;
				GCC_WARN_UNUSED_FUNCTION = YES;
				GCC_WARN_UNUSED_VARIABLE = YES;
				IPHONEOS_DEPLOYMENT_TARGET = 8.3;
				MTL_ENABLE_DEBUG_INFO = NO;
				SDKROOT = iphoneos;
				TARGETED_DEVICE_FAMILY = "1,2";
				VALIDATE_PRODUCT = YES;
			};
			name = Release;
		};
		381F2D131B1F6AB700CD4771 /* Debug */ = {
			isa = XCBuildConfiguration;
			buildSettings = {
				ASSETCATALOG_COMPILER_APPICON_NAME = AppIcon;
				INFOPLIST_FILE = AutoLayoutProblem/Info.plist;
				LD_RUNPATH_SEARCH_PATHS = "$(inherited) @executable_path/Frameworks";
				PRODUCT_NAME = "$(TARGET_NAME)";
			};
			name = Debug;
		};
		381F2D141B1F6AB700CD4771 /* Release */ = {
			isa = XCBuildConfiguration;
			buildSettings = {
				ASSETCATALOG_COMPILER_APPICON_NAME = AppIcon;
				INFOPLIST_FILE = AutoLayoutProblem/Info.plist;
				LD_RUNPATH_SEARCH_PATHS = "$(inherited) @executable_path/Frameworks";
				PRODUCT_NAME = "$(TARGET_NAME)";
			};
			name = Release;
		};
		381F2D161B1F6AB700CD4771 /* Debug */ = {
			isa = XCBuildConfiguration;
			buildSettings = {
				BUNDLE_LOADER = "$(TEST_HOST)";
				FRAMEWORK_SEARCH_PATHS = (
					"$(SDKROOT)/Developer/Library/Frameworks",
					"$(inherited)",
				);
				GCC_PREPROCESSOR_DEFINITIONS = (
					"DEBUG=1",
					"$(inherited)",
				);
				INFOPLIST_FILE = AutoLayoutProblemTests/Info.plist;
				LD_RUNPATH_SEARCH_PATHS = "$(inherited) @executable_path/Frameworks @loader_path/Frameworks";
				PRODUCT_NAME = "$(TARGET_NAME)";
				TEST_HOST = "$(BUILT_PRODUCTS_DIR)/AutoLayoutProblem.app/AutoLayoutProblem";
			};
			name = Debug;
		};
		381F2D171B1F6AB700CD4771 /* Release */ = {
			isa = XCBuildConfiguration;
			buildSettings = {
				BUNDLE_LOADER = "$(TEST_HOST)";
				FRAMEWORK_SEARCH_PATHS = (
					"$(SDKROOT)/Developer/Library/Frameworks",
					"$(inherited)",
				);
				INFOPLIST_FILE = AutoLayoutProblemTests/Info.plist;
				LD_RUNPATH_SEARCH_PATHS = "$(inherited) @executable_path/Frameworks @loader_path/Frameworks";
				PRODUCT_NAME = "$(TARGET_NAME)";
				TEST_HOST = "$(BUILT_PRODUCTS_DIR)/AutoLayoutProblem.app/AutoLayoutProblem";
			};
			name = Release;
		};
/* End XCBuildConfiguration section */

/* Begin XCConfigurationList section */
		381F2CEA1B1F6AB600CD4771 /* Build configuration list for PBXProject "AutoLayoutProblem" */ = {
			isa = XCConfigurationList;
			buildConfigurations = (
				381F2D101B1F6AB700CD4771 /* Debug */,
				381F2D111B1F6AB700CD4771 /* Release */,
			);
			defaultConfigurationIsVisible = 0;
			defaultConfigurationName = Release;
		};
		381F2D121B1F6AB700CD4771 /* Build configuration list for PBXNativeTarget "AutoLayoutProblem" */ = {
			isa = XCConfigurationList;
			buildConfigurations = (
				381F2D131B1F6AB700CD4771 /* Debug */,
				381F2D141B1F6AB700CD4771 /* Release */,
			);
			defaultConfigurationIsVisible = 0;
		};
		381F2D151B1F6AB700CD4771 /* Build configuration list for PBXNativeTarget "AutoLayoutProblemTests" */ = {
			isa = XCConfigurationList;
			buildConfigurations = (
				381F2D161B1F6AB700CD4771 /* Debug */,
				381F2D171B1F6AB700CD4771 /* Release */,
			);
			defaultConfigurationIsVisible = 0;
		};
/* End XCConfigurationList section */
	};
	rootObject = 381F2CE71B1F6AB600CD4771 /* Project object */;
}
